PODS:
  - SVProgressHUD (HEAD based on 2.0)
  - TOCropViewController (1.2.6)
  - TTOpenInAppActivity (1.0)

DEPENDENCIES:
  - SVProgressHUD (HEAD)
  - TOCropViewController
  - TTOpenInAppActivity

SPEC CHECKSUMS:
  SVProgressHUD: e9e7c893686a20da55a28015ed384d9425e15479
  TOCropViewController: 030e38f7c696d8eec4320a5baa8250b49c8f065f
  TTOpenInAppActivity: c2218fe419d03ddd4ffb1f07d52d66e0d213d0d4

COCOAPODS: 0.39.0
